
Microsoft Visual Studio Solution File, Format Version 12.00
# Visual Studio Version 17
VisualStudioVersion = 17.5.33424.131
MinimumVisualStudioVersion = 10.0.40219.1
Project("{2150E333-8FDC-42A3-9474-1A3956D46DE8}") = "src", "src", "{06609B17-14E7-4AFD-8E92-72638BAB0B34}"
EndProject
Project("{2150E333-8FDC-42A3-9474-1A3956D46DE8}") = "tests", "tests", "{06D79E55-347D-44A7-91A9-143B73273BA1}"
EndProject
Project("{FAE04EC0-301F-11D3-BF4B-00C04F79EFBC}") = "Eshop.DAL", "Eshop.DAL\Eshop.DAL.csproj", "{A0661416-9981-4145-BE19-8FCCC3BAA998}"
EndProject
Global
	GlobalSection(SolutionConfigurationPlatforms) = preSolution
		Debug|Any CPU = Debug|Any CPU
		Release|Any CPU = Release|Any CPU
	EndGlobalSection
	GlobalSection(ProjectConfigurationPlatforms) = postSolution
		{A0661416-9981-4145-BE19-8FCCC3BAA998}.Debug|Any CPU.ActiveCfg = Debug|Any CPU
		{A0661416-9981-4145-BE19-8FCCC3BAA998}.Debug|Any CPU.Build.0 = Debug|Any CPU
		{A0661416-9981-4145-BE19-8FCCC3BAA998}.Release|Any CPU.ActiveCfg = Release|Any CPU
		{A0661416-9981-4145-BE19-8FCCC3BAA998}.Release|Any CPU.Build.0 = Release|Any CPU
	EndGlobalSection
	GlobalSection(SolutionProperties) = preSolution
		HideSolutionNode = FALSE
	EndGlobalSection
	GlobalSection(NestedProjects) = preSolution
		{A0661416-9981-4145-BE19-8FCCC3BAA998} = {06609B17-14E7-4AFD-8E92-72638BAB0B34}
	EndGlobalSection
	GlobalSection(ExtensibilityGlobals) = postSolution
		SolutionGuid = {CF775EF0-746C-4278-ACFD-9E94F02600FD}
	EndGlobalSection
EndGlobal
