
Microsoft Visual Studio Solution File, Format Version 12.00
# Visual Studio Version 16
VisualStudioVersion = 25.0.1705.4
MinimumVisualStudioVersion = 10.0.40219.1
Project("{FAE04EC0-301F-11D3-BF4B-00C04F79EFBC}") = "Eshop.webAPI", "Eshop.webAPI.csproj", "{183DA032-F464-43AA-9EA0-2B1A2421F5F9}"
EndProject
Global
	GlobalSection(SolutionConfigurationPlatforms) = preSolution
		Debug|Any CPU = Debug|Any CPU
		Release|Any CPU = Release|Any CPU
	EndGlobalSection
	GlobalSection(ProjectConfigurationPlatforms) = postSolution
		{183DA032-F464-43AA-9EA0-2B1A2421F5F9}.Debug|Any CPU.ActiveCfg = Debug|Any CPU
		{183DA032-F464-43AA-9EA0-2B1A2421F5F9}.Debug|Any CPU.Build.0 = Debug|Any CPU
		{183DA032-F464-43AA-9EA0-2B1A2421F5F9}.Release|Any CPU.ActiveCfg = Release|Any CPU
		{183DA032-F464-43AA-9EA0-2B1A2421F5F9}.Release|Any CPU.Build.0 = Release|Any CPU
	EndGlobalSection
	GlobalSection(SolutionProperties) = preSolution
		HideSolutionNode = FALSE
	EndGlobalSection
	GlobalSection(ExtensibilityGlobals) = postSolution
		SolutionGuid = {B5DF1AE6-C6AA-49BB-A498-A8CC3736AD36}
	EndGlobalSection
EndGlobal
